schema: '2.0'
stages:
  build_features:
    cmd: python -m features.build_features
    deps:
    - path: data/raw/Hotel_Reviews.csv
      hash: md5
      md5: dd2ca0ed1898c73df47bfb679b35adb7
      size: 238154765
    - path: features/build_features.py
      hash: md5
      md5: 059638d33ce5c2cae8367f0a86b881ca
      size: 15857
    outs:
    - path: data/interim/features_clean.csv
      hash: md5
      md5: ec8cfd4ff646f3d5f389996096d51042
      size: 476517591
  validate:
    cmd: python -m validation.validate_data
    deps:
    - path: data/interim/features_clean.csv
      hash: md5
      md5: ec8cfd4ff646f3d5f389996096d51042
      size: 476517591
    - path: validation/feature_column.json
      hash: md5
      md5: f7ce50cf469f35f2948005a01ee985bc
      size: 346
    - path: validation/validate_data.py
      hash: md5
      md5: 2eb424e9a0e090fe56b633bcf7034ea5
      size: 5427
  feature_store:
    cmd: python -m feature_store.feature_store
    deps:
    - path: data/interim/features_clean.csv
      hash: md5
      md5: ec8cfd4ff646f3d5f389996096d51042
      size: 476517591
    - path: feature_store/feature_store.py
      hash: md5
      md5: 36964c7ae75cc6fe90018ced75a2e31c
      size: 3666
    outs:
    - path: feature_store/feature_store.db
      hash: md5
      md5: db2870e12c716fc5e340c87a90495ff6
      size: 536072192
  vectorize:
    cmd: python -m features.vectorize
    deps:
    - path: feature_store/feature_store.db
      hash: md5
      md5: db2870e12c716fc5e340c87a90495ff6
      size: 536072192
    - path: features/vectorize.py
      hash: md5
      md5: bc46d9309233ce9e2df05ae301a670ad
      size: 3407
    outs:
    - path: data/processed/test_v1.csv
      hash: md5
      md5: 389010a9b33aa96f77b617664919a3b9
      size: 38906120
    - path: data/processed/train_v1.csv
      hash: md5
      md5: d44aa21b5544ab90781aa5c94f368fdc
      size: 155364798
    - path: model_store/tfidf_vectorizer_v1.pkl
      hash: md5
      md5: 0a0fd926e83f1280afcf10cb81a32691
      size: 789709
  train:
    cmd: python -m training.train_linear
    deps:
    - path: data/processed/test_v1.csv
      hash: md5
      md5: 389010a9b33aa96f77b617664919a3b9
      size: 38906120
    - path: data/processed/train_v1.csv
      hash: md5
      md5: d44aa21b5544ab90781aa5c94f368fdc
      size: 155364798
    - path: feature_store/feature_store.py
      hash: md5
      md5: 36964c7ae75cc6fe90018ced75a2e31c
      size: 3666
    - path: model_store/tfidf_vectorizer_v1.pkl
      hash: md5
      md5: 0a0fd926e83f1280afcf10cb81a32691
      size: 789709
    - path: training/tracking.py
      hash: md5
      md5: 9a5e25e0742548b9d5322ca85862e25b
      size: 12567
    - path: training/train_linear.py
      hash: md5
      md5: 18bdbf0e9fa652190ff8fa794c7577f9
      size: 15496
    - path: validation/feature_column.json
      hash: md5
      md5: f7ce50cf469f35f2948005a01ee985bc
      size: 346
    outs:
    - path: model_store/logreg_v1.pkl
      hash: md5
      md5: 7137335655eb3c2a3e2ec40b46cad5ee
      size: 161023
    - path: training/metrics_logreg.json
      hash: md5
      md5: 01ddfc6ae2674821d0c01ec7253a45dc
      size: 855
  train_linear_svc:
    cmd: python -m training.train_linear --model linear_svc
    deps:
    - path: data/processed/test_v1.csv
      hash: md5
      md5: 389010a9b33aa96f77b617664919a3b9
      size: 38906120
    - path: data/processed/train_v1.csv
      hash: md5
      md5: d44aa21b5544ab90781aa5c94f368fdc
      size: 155364798
    - path: feature_store/feature_store.py
      hash: md5
      md5: 36964c7ae75cc6fe90018ced75a2e31c
      size: 3666
    - path: model_store/tfidf_vectorizer_v1.pkl
      hash: md5
      md5: 0a0fd926e83f1280afcf10cb81a32691
      size: 789709
    - path: training/tracking.py
      hash: md5
      md5: 9a5e25e0742548b9d5322ca85862e25b
      size: 12567
    - path: training/train_linear.py
      hash: md5
      md5: 40efbc48b6532f2e771e20fedc90ac5b
      size: 15444
    - path: validation/feature_column.json
      hash: md5
      md5: f7ce50cf469f35f2948005a01ee985bc
      size: 346
    outs:
    - path: model_store/linear_svc_v1.pkl
      hash: md5
      md5: d9677d25e49a57293c5dfe53b1189c22
      size: 804573
    - path: training/metrics_linear_svc.json
      hash: md5
      md5: bd9c5389435bd1fdce746e42aff1c57b
      size: 856
  train_rnn:
    cmd: python -m training.train_rnn
    deps:
    - path: data/processed/test_v1.csv
      hash: md5
      md5: 389010a9b33aa96f77b617664919a3b9
      size: 38906120
    - path: data/processed/train_v1.csv
      hash: md5
      md5: d44aa21b5544ab90781aa5c94f368fdc
      size: 155364798
    - path: feature_store/feature_store.py
      hash: md5
      md5: 36964c7ae75cc6fe90018ced75a2e31c
      size: 3666
    - path: training/tracking.py
      hash: md5
      md5: 9a5e25e0742548b9d5322ca85862e25b
      size: 12567
    - path: training/train_rnn.py
      hash: md5
      md5: 68953e92e49d7543bfa748d2bbcbd4a7
      size: 22494
    - path: validation/feature_column.json
      hash: md5
      md5: f7ce50cf469f35f2948005a01ee985bc
      size: 346
    outs:
    - path: model_store/rnn_lstm_v1.pt
      hash: md5
      md5: 67aab041f002321f84a32094504d2910
      size: 10773893
    - path: model_store/rnn_lstm_v1_vocab.json
      hash: md5
      md5: b520244465005b7a0efe77a84c345c44
      size: 357937
    - path: training/metrics_rnn_lstm.json
      hash: md5
      md5: fa46cb2f8b8f42bb60d9876c2d352ab5
      size: 856
  train_transformer:
    cmd: python -m training.train_transformer
    deps:
    - path: data/processed/test_v1.csv
      hash: md5
      md5: 389010a9b33aa96f77b617664919a3b9
      size: 38906120
    - path: data/processed/train_v1.csv
      hash: md5
      md5: d44aa21b5544ab90781aa5c94f368fdc
      size: 155364798
    - path: feature_store/feature_store.py
      hash: md5
      md5: 36964c7ae75cc6fe90018ced75a2e31c
      size: 3666
    - path: training/tracking.py
      hash: md5
      md5: 9a5e25e0742548b9d5322ca85862e25b
      size: 12567
    - path: training/train_transformer.py
      hash: md5
      md5: 9b0604d1f23119c95be974602fe07e59
      size: 20325
    - path: validation/feature_column.json
      hash: md5
      md5: f7ce50cf469f35f2948005a01ee985bc
      size: 346
    outs:
    - path: model_store/bert_tiny_v1
      hash: md5
      md5: 46abd5ff8638e36a776c263a31b8bcc5.dir
      size: 18267308
      nfiles: 5
    - path: training/metrics_transformer.json
      hash: md5
      md5: 7d332b572cc287f57e751b38445a7c74
      size: 895
