schema: '2.0'
stages:
  build_features:
    cmd: python -m features.build_features
    deps:
    - path: data/raw/Hotel_Reviews.csv
      hash: md5
      md5: dd2ca0ed1898c73df47bfb679b35adb7
      size: 238154765
    - path: features/build_features.py
      hash: md5
      md5: 05936dec5de103ab9f4d489039b26494
      size: 8990
    outs:
    - path: data/interim/features_clean.csv
      hash: md5
      md5: fb5cd9c60de2e4dacbd04ac5a70c7079
      size: 479056405
  validate:
    cmd: python -m validation.validate_data
    deps:
    - path: data/interim/features_clean.csv
      hash: md5
      md5: fb5cd9c60de2e4dacbd04ac5a70c7079
      size: 479056405
    - path: validation/feature_column.json
      hash: md5
      md5: f7ce50cf469f35f2948005a01ee985bc
      size: 346
    - path: validation/validate_data.py
      hash: md5
      md5: 2eb424e9a0e090fe56b633bcf7034ea5
      size: 5427
  feature_store:
    cmd: python -m feature_store.feature_store
    deps:
    - path: data/interim/features_clean.csv
      hash: md5
      md5: fb5cd9c60de2e4dacbd04ac5a70c7079
      size: 479056405
    - path: feature_store/feature_store.py
      hash: md5
      md5: 973cdd224963a2d7be765e2616cd3f92
      size: 1562
    outs:
    - path: feature_store/feature_store.db
      hash: md5
      md5: 051acf5ab88f1120aaf31acfc5a439b8
      size: 538988544
  vectorize:
    cmd: python -m features.vectorize
    deps:
    - path: feature_store/feature_store.db
      hash: md5
      md5: 051acf5ab88f1120aaf31acfc5a439b8
      size: 538988544
    - path: features/vectorize.py
      hash: md5
      md5: c75c36eb571944df3a11b1253110d538
      size: 2463
    outs:
    - path: data/processed/train_v1.csv
      hash: md5
      md5: 6bfbd7b121f1f2450b4b2bfbf43fae30
      size: 79351229
    - path: model_store/tfidf_vectorizer_v1.pkl
      hash: md5
      md5: 56296d77b5b2ef6ac20f1207b4fdc888
      size: 789597
